// !$*UTF8*$!
{
	archiveVersion = 1;
	classes = {
	};
	objectVersion = 50;
	objects = {

/* Begin PBXBuildFile section */
		063AABEB244FA509003CCE86 /* AppDelegate.swift in Sources */ = {isa = PBXBuildFile; fileRef = 063AABEA244FA509003CCE86 /* AppDelegate.swift */; };
		063AABED244FA509003CCE86 /* SceneDelegate.swift in Sources */ = {isa = PBXBuildFile; fileRef = 063AABEC244FA509003CCE86 /* SceneDelegate.swift */; };
		063AABEF244FA509003CCE86 /* ViewController.swift in Sources */ = {isa = PBXBuildFile; fileRef = 063AABEE244FA509003CCE86 /* ViewController.swift */; };
		063AABF2244FA509003CCE86 /* Main.storyboard in Resources */ = {isa = PBXBuildFile; fileRef = 063AABF0244FA509003CCE86 /* Main.storyboard */; };
		063AABF4244FA50B003CCE86 /* Assets.xcassets in Resources */ = {isa = PBXBuildFile; fileRef = 063AABF3244FA50B003CCE86 /* Assets.xcassets */; };
		063AABF7244FA50B003CCE86 /* LaunchScreen.storyboard in Resources */ = {isa = PBXBuildFile; fileRef = 063AABF5244FA50B003CCE86 /* LaunchScreen.storyboard */; };
		063AAC02244FA50B003CCE86 /* PROGRAM_777Tests.swift in Sources */ = {isa = PBXBuildFile; fileRef = 063AAC01244FA50B003CCE86 /* PROGRAM_777Tests.swift */; };
		063AAC0D244FA50B003CCE86 /* PROGRAM_777UITests.swift in Sources */ = {isa = PBXBuildFile; fileRef = 063AAC0C244FA50B003CCE86 /* PROGRAM_777UITests.swift */; };
/* End PBXBuildFile section */

/* Begin PBXContainerItemProxy section */
		063AABFE244FA50B003CCE86 /* PBXContainerItemProxy */ = {
			isa = PBXContainerItemProxy;
			containerPortal = 063AABDF244FA509003CCE86 /* Project object */;
			proxyType = 1;
			remoteGlobalIDString = 063AABE6244FA509003CCE86;
			remoteInfo = "PROGRAM 777";
		};
		063AAC09244FA50B003CCE86 /* PBXContainerItemProxy */ = {
			isa = PBXContainerItemProxy;
			containerPortal = 063AABDF244FA509003CCE86 /* Project object */;
			proxyType = 1;
			remoteGlobalIDString = 063AABE6244FA509003CCE86;
			remoteInfo = "PROGRAM 777";
		};
/* End PBXContainerItemProxy section */

/* Begin PBXFileReference section */
		063AABE7244FA509003CCE86 /* PROGRAM 777.app */ = {isa = PBXFileReference; explicitFileType = wrapper.application; includeInIndex = 0; path = "PROGRAM 777.app"; sourceTree = BUILT_PRODUCTS_DIR; };
		063AABEA244FA509003CCE86 /* AppDelegate.swift */ = {isa = PBXFileReference; lastKnownFileType = sourcecode.swift; path = AppDelegate.swift; sourceTree = "<group>"; };
		063AABEC244FA509003CCE86 /* SceneDelegate.swift */ = {isa = PBXFileReference; lastKnownFileType = sourcecode.swift; path = SceneDelegate.swift; sourceTree = "<group>"; };
		063AABEE244FA509003CCE86 /* ViewController.swift */ = {isa = PBXFileReference; lastKnownFileType = sourcecode.swift; path = ViewController.swift; sourceTree = "<group>"; };
		063AABF1244FA509003CCE86 /* Base */ = {isa = PBXFileReference; lastKnownFileType = file.storyboard; name = Base; path = Base.lproj/Main.storyboard; sourceTree = "<group>"; };
		063AABF3244FA50B003CCE86 /* Assets.xcassets */ = {isa = PBXFileReference; lastKnownFileType = folder.assetcatalog; path = Assets.xcassets; sourceTree = "<group>"; };
		063AABF6244FA50B003CCE86 /* Base */ = {isa = PBXFileReference; lastKnownFileType = file.storyboard; name = Base; path = Base.lproj/LaunchScreen.storyboard; sourceTree = "<group>"; };
		063AABF8244FA50B003CCE86 /* Info.plist */ = {isa = PBXFileReference; lastKnownFileType = text.plist.xml; path = Info.plist; sourceTree = "<group>"; };
		063AABFD244FA50B003CCE86 /* PROGRAM 777Tests.xctest */ = {isa = PBXFileReference; explicitFileType = wrapper.cfbundle; includeInIndex = 0; path = "PROGRAM 777Tests.xctest"; sourceTree = BUILT_PRODUCTS_DIR; };
		063AAC01244FA50B003CCE86 /* PROGRAM_777Tests.swift */ = {isa = PBXFileReference; lastKnownFileType = sourcecode.swift; path = PROGRAM_777Tests.swift; sourceTree = "<group>"; };
		063AAC03244FA50B003CCE86 /* Info.plist */ = {isa = PBXFileReference; lastKnownFileType = text.plist.xml; path = Info.plist; sourceTree = "<group>"; };
		063AAC08244FA50B003CCE86 /* PROGRAM 777UITests.xctest */ = {isa = PBXFileReference; explicitFileType = wrapper.cfbundle; includeInIndex = 0; path = "PROGRAM 777UITests.xctest"; sourceTree = BUILT_PRODUCTS_DIR; };
		063AAC0C244FA50B003CCE86 /* PROGRAM_777UITests.swift */ = {isa = PBXFileReference; lastKnownFileType = sourcecode.swift; path = PROGRAM_777UITests.swift; sourceTree = "<group>"; };
		063AAC0E244FA50B003CCE86 /* Info.plist */ = {isa = PBXFileReference; lastKnownFileType = text.plist.xml; path = Info.plist; sourceTree = "<group>"; };
/* End PBXFileReference section */

/* Begin PBXFrameworksBuildPhase section */
		063AABE4244FA509003CCE86 /* Frameworks */ = {
			isa = PBXFrameworksBuildPhase;
			buildActionMask = 2147483647;
			files = (
			);
			runOnlyForDeploymentPostprocessing = 0;
		};
		063AABFA244FA50B003CCE86 /* Frameworks */ = {
			isa = PBXFrameworksBuildPhase;
			buildActionMask = 2147483647;
			files = (
			);
			runOnlyForDeploymentPostprocessing = 0;
		};
		063AAC05244FA50B003CCE86 /* Frameworks */ = {
			isa = PBXFrameworksBuildPhase;
			buildActionMask = 2147483647;
			files = (
			);
			runOnlyForDeploymentPostprocessing = 0;
		};
/* End PBXFrameworksBuildPhase section */

/* Begin PBXGroup section */
		063AABDE244FA509003CCE86 = {
			isa = PBXGroup;
			children = (
				063AABE9244FA509003CCE86 /* PROGRAM 777 */,
				063AAC00244FA50B003CCE86 /* PROGRAM 777Tests */,
				063AAC0B244FA50B003CCE86 /* PROGRAM 777UITests */,
				063AABE8244FA509003CCE86 /* Products */,
			);
			sourceTree = "<group>";
		};
		063AABE8244FA509003CCE86 /* Products */ = {
			isa = PBXGroup;
			children = (
				063AABE7244FA509003CCE86 /* PROGRAM 777.app */,
				063AABFD244FA50B003CCE86 /* PROGRAM 777Tests.xctest */,
				063AAC08244FA50B003CCE86 /* PROGRAM 777UITests.xctest */,
			);
			name = Products;
			sourceTree = "<group>";
		};
		063AABE9244FA509003CCE86 /* PROGRAM 777 */ = {
			isa = PBXGroup;
			children = (
				063AABEA244FA509003CCE86 /* AppDelegate.swift */,
				063AABEC244FA509003CCE86 /* SceneDelegate.swift */,
				063AABEE244FA509003CCE86 /* ViewController.swift */,
				063AABF0244FA509003CCE86 /* Main.storyboard */,
				063AABF3244FA50B003CCE86 /* Assets.xcassets */,
				063AABF5244FA50B003CCE86 /* LaunchScreen.storyboard */,
				063AABF8244FA50B003CCE86 /* Info.plist */,
			);
			path = "PROGRAM 777";
			sourceTree = "<group>";
		};
		063AAC00244FA50B003CCE86 /* PROGRAM 777Tests */ = {
			isa = PBXGroup;
			children = (
				063AAC01244FA50B003CCE86 /* PROGRAM_777Tests.swift */,
				063AAC03244FA50B003CCE86 /* Info.plist */,
			);
			path = "PROGRAM 777Tests";
			sourceTree = "<group>";
		};
		063AAC0B244FA50B003CCE86 /* PROGRAM 777UITests */ = {
			isa = PBXGroup;
			children = (
				063AAC0C244FA50B003CCE86 /* PROGRAM_777UITests.swift */,
				063AAC0E244FA50B003CCE86 /* Info.plist */,
			);
			path = "PROGRAM 777UITests";
			sourceTree = "<group>";
		};
/* End PBXGroup section */

/* Begin PBXNativeTarget section */
		063AABE6244FA509003CCE86 /* PROGRAM 777 */ = {
			isa = PBXNativeTarget;
			buildConfigurationList = 063AAC11244FA50B003CCE86 /* Build configuration list for PBXNativeTarget "PROGRAM 777" */;
			buildPhases = (
				063AABE3244FA509003CCE86 /* Sources */,
				063AABE4244FA509003CCE86 /* Frameworks */,
				063AABE5244FA509003CCE86 /* Resources */,
			);
			buildRules = (
			);
			dependencies = (
			);
			name = "PROGRAM 777";
			productName = "PROGRAM 777";
			productReference = 063AABE7244FA509003CCE86 /* PROGRAM 777.app */;
			productType = "com.apple.product-type.application";
		};
		063AABFC244FA50B003CCE86 /* PROGRAM 777Tests */ = {
			isa = PBXNativeTarget;
			buildConfigurationList = 063AAC14244FA50B003CCE86 /* Build configuration list for PBXNativeTarget "PROGRAM 777Tests" */;
			buildPhases = (
				063AABF9244FA50B003CCE86 /* Sources */,
				063AABFA244FA50B003CCE86 /* Frameworks */,
				063AABFB244FA50B003CCE86 /* Resources */,
			);
			buildRules = (
			);
			dependencies = (
				063AABFF244FA50B003CCE86 /* PBXTargetDependency */,
			);
			name = "PROGRAM 777Tests";
			productName = "PROGRAM 777Tests";
			productReference = 063AABFD244FA50B003CCE86 /* PROGRAM 777Tests.xctest */;
			productType = "com.apple.product-type.bundle.unit-test";
		};
		063AAC07244FA50B003CCE86 /* PROGRAM 777UITests */ = {
			isa = PBXNativeTarget;
			buildConfigurationList = 063AAC17244FA50B003CCE86 /* Build configuration list for PBXNativeTarget "PROGRAM 777UITests" */;
			buildPhases = (
				063AAC04244FA50B003CCE86 /* Sources */,
				063AAC05244FA50B003CCE86 /* Frameworks */,
				063AAC06244FA50B003CCE86 /* Resources */,
			);
			buildRules = (
			);
			dependencies = (
				063AAC0A244FA50B003CCE86 /* PBXTargetDependency */,
			);
			name = "PROGRAM 777UITests";
			productName = "PROGRAM 777UITests";
			productReference = 063AAC08244FA50B003CCE86 /* PROGRAM 777UITests.xctest */;
			productType = "com.apple.product-type.bundle.ui-testing";
		};
/* End PBXNativeTarget section */

/* Begin PBXProject section */
		063AABDF244FA509003CCE86 /* Project object */ = {
			isa = PBXProject;
			attributes = {
				LastSwiftUpdateCheck = 1130;
				LastUpgradeCheck = 1130;
				ORGANIZATIONNAME = "Jake McCormick";
				TargetAttributes = {
					063AABE6244FA509003CCE86 = {
						CreatedOnToolsVersion = 11.3.1;
					};
					063AABFC244FA50B003CCE86 = {
						CreatedOnToolsVersion = 11.3.1;
						TestTargetID = 063AABE6244FA509003CCE86;
					};
					063AAC07244FA50B003CCE86 = {
						CreatedOnToolsVersion = 11.3.1;
						TestTargetID = 063AABE6244FA509003CCE86;
					};
				};
			};
			buildConfigurationList = 063AABE2244FA509003CCE86 /* Build configuration list for PBXProject "PROGRAM 777" */;
			compatibilityVersion = "Xcode 9.3";
			developmentRegion = en;
			hasScannedForEncodings = 0;
			knownRegions = (
				en,
				Base,
			);
			mainGroup = 063AABDE244FA509003CCE86;
			productRefGroup = 063AABE8244FA509003CCE86 /* Products */;
			projectDirPath = "";
			projectRoot = "";
			targets = (
				063AABE6244FA509003CCE86 /* PROGRAM 777 */,
				063AABFC244FA50B003CCE86 /* PROGRAM 777Tests */,
				063AAC07244FA50B003CCE86 /* PROGRAM 777UITests */,
			);
		};
/* End PBXProject section */

/* Begin PBXResourcesBuildPhase section */
		063AABE5244FA509003CCE86 /* Resources */ = {
			isa = PBXResourcesBuildPhase;
			buildActionMask = 2147483647;
			files = (
				063AABF7244FA50B003CCE86 /* LaunchScreen.storyboard in Resources */,
				063AABF4244FA50B003CCE86 /* Assets.xcassets in Resources */,
				063AABF2244FA509003CCE86 /* Main.storyboard in Resources */,
			);
			runOnlyForDeploymentPostprocessing = 0;
		};
		063AABFB244FA50B003CCE86 /* Resources */ = {
			isa = PBXResourcesBuildPhase;
			buildActionMask = 2147483647;
			files = (
			);
			runOnlyForDeploymentPostprocessing = 0;
		};
		063AAC06244FA50B003CCE86 /* Resources */ = {
			isa = PBXResourcesBuildPhase;
			buildActionMask = 2147483647;
			files = (
			);
			runOnlyForDeploymentPostprocessing = 0;
		};
/* End PBXResourcesBuildPhase section */

/* Begin PBXSourcesBuildPhase section */
		063AABE3244FA509003CCE86 /* Sources */ = {
			isa = PBXSourcesBuildPhase;
			buildActionMask = 2147483647;
			files = (
				063AABEF244FA509003CCE86 /* ViewController.swift in Sources */,
				063AABEB244FA509003CCE86 /* AppDelegate.swift in Sources */,
				063AABED244FA509003CCE86 /* SceneDelegate.swift in Sources */,
			);
			runOnlyForDeploymentPostprocessing = 0;
		};
		063AABF9244FA50B003CCE86 /* Sources */ = {
			isa = PBXSourcesBuildPhase;
			buildActionMask = 2147483647;
			files = (
				063AAC02244FA50B003CCE86 /* PROGRAM_777Tests.swift in Sources */,
			);
			runOnlyForDeploymentPostprocessing = 0;
		};
		063AAC04244FA50B003CCE86 /* Sources */ = {
			isa = PBXSourcesBuildPhase;
			buildActionMask = 2147483647;
			files = (
				063AAC0D244FA50B003CCE86 /* PROGRAM_777UITests.swift in Sources */,
			);
			runOnlyForDeploymentPostprocessing = 0;
		};
/* End PBXSourcesBuildPhase section */

/* Begin PBXTargetDependency section */
		063AABFF244FA50B003CCE86 /* PBXTargetDependency */ = {
			isa = PBXTargetDependency;
			target = 063AABE6244FA509003CCE86 /* PROGRAM 777 */;
			targetProxy = 063AABFE244FA50B003CCE86 /* PBXContainerItemProxy */;
		};
		063AAC0A244FA50B003CCE86 /* PBXTargetDependency */ = {
			isa = PBXTargetDependency;
			target = 063AABE6244FA509003CCE86 /* PROGRAM 777 */;
			targetProxy = 063AAC09244FA50B003CCE86 /* PBXContainerItemProxy */;
		};
/* End PBXTargetDependency section */

/* Begin PBXVariantGroup section */
		063AABF0244FA509003CCE86 /* Main.storyboard */ = {
			isa = PBXVariantGroup;
			children = (
				063AABF1244FA509003CCE86 /* Base */,
			);
			name = Main.storyboard;
			sourceTree = "<group>";
		};
		063AABF5244FA50B003CCE86 /* LaunchScreen.storyboard */ = {
			isa = PBXVariantGroup;
			children = (
				063AABF6244FA50B003CCE86 /* Base */,
			);
			name = LaunchScreen.storyboard;
			sourceTree = "<group>";
		};
/* End PBXVariantGroup section */

/* Begin XCBuildConfiguration section */
		063AAC0F244FA50B003CCE86 /* Debug */ = {
			isa = XCBuildConfiguration;
			buildSettings = {
				ALWAYS_SEARCH_USER_PATHS = NO;
				CLANG_ANALYZER_NONNULL = YES;
				CLANG_ANALYZER_NUMBER_OBJECT_CONVERSION = YES_AGGRESSIVE;
				CLANG_CXX_LANGUAGE_STANDARD = "gnu++14";
				CLANG_CXX_LIBRARY = "libc++";
				CLANG_ENABLE_MODULES = YES;
				CLANG_ENABLE_OBJC_ARC = YES;
				CLANG_ENABLE_OBJC_WEAK = YES;
				CLANG_WARN_BLOCK_CAPTURE_AUTORELEASING = YES;
				CLANG_WARN_BOOL_CONVERSION = YES;
				CLANG_WARN_COMMA = YES;
				CLANG_WARN_CONSTANT_CONVERSION = YES;
				CLANG_WARN_DEPRECATED_OBJC_IMPLEMENTATIONS = YES;
				CLANG_WARN_DIRECT_OBJC_ISA_USAGE = YES_ERROR;
				CLANG_WARN_DOCUMENTATION_COMMENTS = YES;
				CLANG_WARN_EMPTY_BODY = YES;
				CLANG_WARN_ENUM_CONVERSION = YES;
				CLANG_WARN_INFINITE_RECURSION = YES;
				CLANG_WARN_INT_CONVERSION = YES;
				CLANG_WARN_NON_LITERAL_NULL_CONVERSION = YES;
				CLANG_WARN_OBJC_IMPLICIT_RETAIN_SELF = YES;
				CLANG_WARN_OBJC_LITERAL_CONVERSION = YES;
				CLANG_WARN_OBJC_ROOT_CLASS = YES_ERROR;
				CLANG_WARN_RANGE_LOOP_ANALYSIS = YES;
				CLANG_WARN_STRICT_PROTOTYPES = YES;
				CLANG_WARN_SUSPICIOUS_MOVE = YES;
				CLANG_WARN_UNGUARDED_AVAILABILITY = YES_AGGRESSIVE;
				CLANG_WARN_UNREACHABLE_CODE = YES;
				CLANG_WARN__DUPLICATE_METHOD_MATCH = YES;
				COPY_PHASE_STRIP = NO;
				DEBUG_INFORMATION_FORMAT = dwarf;
				ENABLE_STRICT_OBJC_MSGSEND = YES;
				ENABLE_TESTABILITY = YES;
				GCC_C_LANGUAGE_STANDARD = gnu11;
				GCC_DYNAMIC_NO_PIC = NO;
				GCC_NO_COMMON_BLOCKS = YES;
				GCC_OPTIMIZATION_LEVEL = 0;
				GCC_PREPROCESSOR_DEFINITIONS = (
					"DEBUG=1",
					"$(inherited)",
				);
				GCC_WARN_64_TO_32_BIT_CONVERSION = YES;
				GCC_WARN_ABOUT_RETURN_TYPE = YES_ERROR;
				GCC_WARN_UNDECLARED_SELECTOR = YES;
				GCC_WARN_UNINITIALIZED_AUTOS = YES_AGGRESSIVE;
				GCC_WARN_UNUSED_FUNCTION = YES;
				GCC_WARN_UNUSED_VARIABLE = YES;
				IPHONEOS_DEPLOYMENT_TARGET = 13.2;
				MTL_ENABLE_DEBUG_INFO = INCLUDE_SOURCE;
				MTL_FAST_MATH = YES;
				ONLY_ACTIVE_ARCH = YES;
				SDKROOT = iphoneos;
				SWIFT_ACTIVE_COMPILATION_CONDITIONS = DEBUG;
				SWIFT_OPTIMIZATION_LEVEL = "-Onone";
			};
			name = Debug;
		};
		063AAC10244FA50B003CCE86 /* Release */ = {
			isa = XCBuildConfiguration;
			buildSettings = {
				ALWAYS_SEARCH_USER_PATHS = NO;
				CLANG_ANALYZER_NONNULL = YES;
				CLANG_ANALYZER_NUMBER_OBJECT_CONVERSION = YES_AGGRESSIVE;
				CLANG_CXX_LANGUAGE_STANDARD = "gnu++14";
				CLANG_CXX_LIBRARY = "libc++";
				CLANG_ENABLE_MODULES = YES;
				CLANG_ENABLE_OBJC_ARC = YES;
				CLANG_ENABLE_OBJC_WEAK = YES;
				CLANG_WARN_BLOCK_CAPTURE_AUTORELEASING = YES;
				CLANG_WARN_BOOL_CONVERSION = YES;
				CLANG_WARN_COMMA = YES;
				CLANG_WARN_CONSTANT_CONVERSION = YES;
				CLANG_WARN_DEPRECATED_OBJC_IMPLEMENTATIONS = YES;
				CLANG_WARN_DIRECT_OBJC_ISA_USAGE = YES_ERROR;
				CLANG_WARN_DOCUMENTATION_COMMENTS = YES;
				CLANG_WARN_EMPTY_BODY = YES;
				CLANG_WARN_ENUM_CONVERSION = YES;
				CLANG_WARN_INFINITE_RECURSION = YES;
				CLANG_WARN_INT_CONVERSION = YES;
				CLANG_WARN_NON_LITERAL_NULL_CONVERSION = YES;
				CLANG_WARN_OBJC_IMPLICIT_RETAIN_SELF = YES;
				CLANG_WARN_OBJC_LITERAL_CONVERSION = YES;
				CLANG_WARN_OBJC_ROOT_CLASS = YES_ERROR;
				CLANG_WARN_RANGE_LOOP_ANALYSIS = YES;
				CLANG_WARN_STRICT_PROTOTYPES = YES;
				CLANG_WARN_SUSPICIOUS_MOVE = YES;
				CLANG_WARN_UNGUARDED_AVAILABILITY = YES_AGGRESSIVE;
				CLANG_WARN_UNREACHABLE_CODE = YES;
				CLANG_WARN__DUPLICATE_METHOD_MATCH = YES;
				COPY_PHASE_STRIP = NO;
				DEBUG_INFORMATION_FORMAT = "dwarf-with-dsym";
				ENABLE_NS_ASSERTIONS = NO;
				ENABLE_STRICT_OBJC_MSGSEND = YES;
				GCC_C_LANGUAGE_STANDARD = gnu11;
				GCC_NO_COMMON_BLOCKS = YES;
				GCC_WARN_64_TO_32_BIT_CONVERSION = YES;
				GCC_WARN_ABOUT_RETURN_TYPE = YES_ERROR;
				GCC_WARN_UNDECLARED_SELECTOR = YES;
				GCC_WARN_UNINITIALIZED_AUTOS = YES_AGGRESSIVE;
				GCC_WARN_UNUSED_FUNCTION = YES;
				GCC_WARN_UNUSED_VARIABLE = YES;
				IPHONEOS_DEPLOYMENT_TARGET = 13.2;
				MTL_ENABLE_DEBUG_INFO = NO;
				MTL_FAST_MATH = YES;
				SDKROOT = iphoneos;
				SWIFT_COMPILATION_MODE = wholemodule;
				SWIFT_OPTIMIZATION_LEVEL = "-O";
				VALIDATE_PRODUCT = YES;
			};
			name = Release;
		};
		063AAC12244FA50B003CCE86 /* Debug */ = {
			isa = XCBuildConfiguration;
			buildSettings = {
				ASSETCATALOG_COMPILER_APPICON_NAME = AppIcon;
				CODE_SIGN_STYLE = Automatic;
				DEVELOPMENT_TEAM = LMCD785PGM;
				INFOPLIST_FILE = "PROGRAM 777/Info.plist";
				LD_RUNPATH_SEARCH_PATHS = (
					"$(inherited)",
					"@executable_path/Frameworks",
				);
				PRODUCT_BUNDLE_IDENTIFIER = "mccormick.com.PROGRAM-777";
				PRODUCT_NAME = "$(TARGET_NAME)";
				SWIFT_VERSION = 5.0;
				TARGETED_DEVICE_FAMILY = "1,2";
			};
			name = Debug;
		};
		063AAC13244FA50B003CCE86 /* Release */ = {
			isa = XCBuildConfiguration;
			buildSettings = {
				ASSETCATALOG_COMPILER_APPICON_NAME = AppIcon;
				CODE_SIGN_STYLE = Automatic;
				DEVELOPMENT_TEAM = LMCD785PGM;
				INFOPLIST_FILE = "PROGRAM 777/Info.plist";
				LD_RUNPATH_SEARCH_PATHS = (
					"$(inherited)",
					"@executable_path/Frameworks",
				);
				PRODUCT_BUNDLE_IDENTIFIER = "mccormick.com.PROGRAM-777";
				PRODUCT_NAME = "$(TARGET_NAME)";
				SWIFT_VERSION = 5.0;
				TARGETED_DEVICE_FAMILY = "1,2";
			};
			name = Release;
		};
		063AAC15244FA50B003CCE86 /* Debug */ = {
			isa = XCBuildConfiguration;
			buildSettings = {
				ALWAYS_EMBED_SWIFT_STANDARD_LIBRARIES = YES;
				BUNDLE_LOADER = "$(TEST_HOST)";
				CODE_SIGN_STYLE = Automatic;
				DEVELOPMENT_TEAM = LMCD785PGM;
				INFOPLIST_FILE = "PROGRAM 777Tests/Info.plist";
				IPHONEOS_DEPLOYMENT_TARGET = 13.2;
				LD_RUNPATH_SEARCH_PATHS = (
					"$(inherited)",
					"@executable_path/Frameworks",
					"@loader_path/Frameworks",
				);
				PRODUCT_BUNDLE_IDENTIFIER = "mccormick.com.PROGRAM-777Tests";
				PRODUCT_NAME = "$(TARGET_NAME)";
				SWIFT_VERSION = 5.0;
				TARGETED_DEVICE_FAMILY = "1,2";
				TEST_HOST = "$(BUILT_PRODUCTS_DIR)/PROGRAM 777.app/PROGRAM 777";
			};
			name = Debug;
		};
		063AAC16244FA50B003CCE86 /* Release */ = {
			isa = XCBuildConfiguration;
			buildSettings = {
				ALWAYS_EMBED_SWIFT_STANDARD_LIBRARIES = YES;
				BUNDLE_LOADER = "$(TEST_HOST)";
				CODE_SIGN_STYLE = Automatic;
				DEVELOPMENT_TEAM = LMCD785PGM;
				INFOPLIST_FILE = "PROGRAM 777Tests/Info.plist";
				IPHONEOS_DEPLOYMENT_TARGET = 13.2;
				LD_RUNPATH_SEARCH_PATHS = (
					"$(inherited)",
					"@executable_path/Frameworks",
					"@loader_path/Frameworks",
				);
				PRODUCT_BUNDLE_IDENTIFIER = "mccormick.com.PROGRAM-777Tests";
				PRODUCT_NAME = "$(TARGET_NAME)";
				SWIFT_VERSION = 5.0;
				TARGETED_DEVICE_FAMILY = "1,2";
				TEST_HOST = "$(BUILT_PRODUCTS_DIR)/PROGRAM 777.app/PROGRAM 777";
			};
			name = Release;
		};
		063AAC18244FA50B003CCE86 /* Debug */ = {
			isa = XCBuildConfiguration;
			buildSettings = {
				ALWAYS_EMBED_SWIFT_STANDARD_LIBRARIES = YES;
				CODE_SIGN_STYLE = Automatic;
				DEVELOPMENT_TEAM = LMCD785PGM;
				INFOPLIST_FILE = "PROGRAM 777UITests/Info.plist";
				LD_RUNPATH_SEARCH_PATHS = (
					"$(inherited)",
					"@executable_path/Frameworks",
					"@loader_path/Frameworks",
				);
				PRODUCT_BUNDLE_IDENTIFIER = "mccormick.com.PROGRAM-777UITests";
				PRODUCT_NAME = "$(TARGET_NAME)";
				SWIFT_VERSION = 5.0;
				TARGETED_DEVICE_FAMILY = "1,2";
				TEST_TARGET_NAME = "PROGRAM 777";
			};
			name = Debug;
		};
		063AAC19244FA50B003CCE86 /* Release */ = {
			isa = XCBuildConfiguration;
			buildSettings = {
				ALWAYS_EMBED_SWIFT_STANDARD_LIBRARIES = YES;
				CODE_SIGN_STYLE = Automatic;
				DEVELOPMENT_TEAM = LMCD785PGM;
				INFOPLIST_FILE = "PROGRAM 777UITests/Info.plist";
				LD_RUNPATH_SEARCH_PATHS = (
					"$(inherited)",
					"@executable_path/Frameworks",
					"@loader_path/Frameworks",
				);
				PRODUCT_BUNDLE_IDENTIFIER = "mccormick.com.PROGRAM-777UITests";
				PRODUCT_NAME = "$(TARGET_NAME)";
				SWIFT_VERSION = 5.0;
				TARGETED_DEVICE_FAMILY = "1,2";
				TEST_TARGET_NAME = "PROGRAM 777";
			};
			name = Release;
		};
/* End XCBuildConfiguration section */

/* Begin XCConfigurationList section */
		063AABE2244FA509003CCE86 /* Build configuration list for PBXProject "PROGRAM 777" */ = {
			isa = XCConfigurationList;
			buildConfigurations = (
				063AAC0F244FA50B003CCE86 /* Debug */,
				063AAC10244FA50B003CCE86 /* Release */,
			);
			defaultConfigurationIsVisible = 0;
			defaultConfigurationName = Release;
		};
		063AAC11244FA50B003CCE86 /* Build configuration list for PBXNativeTarget "PROGRAM 777" */ = {
			isa = XCConfigurationList;
			buildConfigurations = (
				063AAC12244FA50B003CCE86 /* Debug */,
				063AAC13244FA50B003CCE86 /* Release */,
			);
			defaultConfigurationIsVisible = 0;
			defaultConfigurationName = Release;
		};
		063AAC14244FA50B003CCE86 /* Build configuration list for PBXNativeTarget "PROGRAM 777Tests" */ = {
			isa = XCConfigurationList;
			buildConfigurations = (
				063AAC15244FA50B003CCE86 /* Debug */,
				063AAC16244FA50B003CCE86 /* Release */,
			);
			defaultConfigurationIsVisible = 0;
			defaultConfigurationName = Release;
		};
		063AAC17244FA50B003CCE86 /* Build configuration list for PBXNativeTarget "PROGRAM 777UITests" */ = {
			isa = XCConfigurationList;
			buildConfigurations = (
				063AAC18244FA50B003CCE86 /* Debug */,
				063AAC19244FA50B003CCE86 /* Release */,
			);
			defaultConfigurationIsVisible = 0;
			defaultConfigurationName = Release;
		};
/* End XCConfigurationList section */
	};
	rootObject = 063AABDF244FA509003CCE86 /* Project object */;
}
